
Microsoft Visual Studio Solution File, Format Version 11.00
# Visual C# Express 2010
Project("{FAE04EC0-301F-11D3-BF4B-00C04F79EFBC}") = "FirstProject", "FirstProject.csproj", "{20407DAB-0F5B-407C-ACFB-A1652FFA06AF}"
EndProject
Global
	GlobalSection(SolutionConfigurationPlatforms) = preSolution
		Debug|x86 = Debug|x86
		Release|x86 = Release|x86
	EndGlobalSection
	GlobalSection(ProjectConfigurationPlatforms) = postSolution
		{20407DAB-0F5B-407C-ACFB-A1652FFA06AF}.Debug|x86.ActiveCfg = Debug|x86
		{20407DAB-0F5B-407C-ACFB-A1652FFA06AF}.Debug|x86.Build.0 = Debug|x86
		{20407DAB-0F5B-407C-ACFB-A1652FFA06AF}.Release|x86.ActiveCfg = Release|x86
		{20407DAB-0F5B-407C-ACFB-A1652FFA06AF}.Release|x86.Build.0 = Release|x86
	EndGlobalSection
	GlobalSection(SolutionProperties) = preSolution
		HideSolutionNode = FALSE
	EndGlobalSection
EndGlobal
